{
  "object": {
    "pins": [
      {
        "package": "DebugPane",
        "repositoryURL": "https://github.com/antranapp/DebugPane",
        "state": {
          "branch": "master",
          "revision": "48fa8ba139c115d9bc812e3f845f86797c60af93",
          "version": null
        }
      },
      {
        "package": "Pulse",
        "repositoryURL": "https://github.com/kean/Pulse",
        "state": {
          "branch": null,
          "revision": "ba7a0e4668de7074470bd37a60b1f89325a416bb",
          "version": "0.20.2"
        }
      },
      {
        "package": "swift-log",
        "repositoryURL": "https://github.com/apple/swift-log.git",
        "state": {
          "branch": null,
          "revision": "5d66f7ba25daf4f94100e7022febf3c75e37a6c7",
          "version": "1.4.2"
        }
      },
      {
        "package": "TweakPane",
        "repositoryURL": "https://github.com/antranapp/TweakPane",
        "state": {
          "branch": "master",
          "revision": "d9627f8b172d4ae10213c2d8718b128bd67ea322",
          "version": null
        }
      }
    ]
  },
  "version": 1
}
